
Microsoft Visual Studio Solution File, Format Version 12.00
# Visual Studio 14
VisualStudioVersion = 14.0.25420.1
MinimumVisualStudioVersion = 10.0.40219.1
Project("{FAE04EC0-301F-11D3-BF4B-00C04F79EFBC}") = "Game2D", "Game2D\Game2D.csproj", "{3E47A9C2-39C8-4110-AF8E-C00436717F16}"
EndProject
Project("{FAE04EC0-301F-11D3-BF4B-00C04F79EFBC}") = "Game2DUnitTests", "Game2DUnitTests\Game2DUnitTests.csproj", "{4BB79F4B-9A90-4637-9C41-F5220504507E}"
EndProject
Global
	GlobalSection(SolutionConfigurationPlatforms) = preSolution
		Debug|Any CPU = Debug|Any CPU
		Release|Any CPU = Release|Any CPU
	EndGlobalSection
	GlobalSection(ProjectConfigurationPlatforms) = postSolution
		{3E47A9C2-39C8-4110-AF8E-C00436717F16}.Debug|Any CPU.ActiveCfg = Debug|Any CPU
		{3E47A9C2-39C8-4110-AF8E-C00436717F16}.Debug|Any CPU.Build.0 = Debug|Any CPU
		{3E47A9C2-39C8-4110-AF8E-C00436717F16}.Release|Any CPU.ActiveCfg = Release|Any CPU
		{3E47A9C2-39C8-4110-AF8E-C00436717F16}.Release|Any CPU.Build.0 = Release|Any CPU
		{4BB79F4B-9A90-4637-9C41-F5220504507E}.Debug|Any CPU.ActiveCfg = Debug|Any CPU
		{4BB79F4B-9A90-4637-9C41-F5220504507E}.Debug|Any CPU.Build.0 = Debug|Any CPU
		{4BB79F4B-9A90-4637-9C41-F5220504507E}.Release|Any CPU.ActiveCfg = Release|Any CPU
		{4BB79F4B-9A90-4637-9C41-F5220504507E}.Release|Any CPU.Build.0 = Release|Any CPU
	EndGlobalSection
	GlobalSection(SolutionProperties) = preSolution
		HideSolutionNode = FALSE
	EndGlobalSection
EndGlobal
